
Microsoft Visual Studio Solution File, Format Version 12.00
# Visual Studio Version 17
VisualStudioVersion = 17.2.32519.379
MinimumVisualStudioVersion = 10.0.40219.1
Project("{FAE04EC0-301F-11D3-BF4B-00C04F79EFBC}") = "Test-ASP-DotNet", "Test-ASP-DotNet\Test-ASP-DotNet.csproj", "{D856049D-B352-45B8-8778-1AFDADF0EBB8}"
EndProject
Global
	GlobalSection(SolutionConfigurationPlatforms) = preSolution
		Debug|Any CPU = Debug|Any CPU
		Release|Any CPU = Release|Any CPU
	EndGlobalSection
	GlobalSection(ProjectConfigurationPlatforms) = postSolution
		{D856049D-B352-45B8-8778-1AFDADF0EBB8}.Debug|Any CPU.ActiveCfg = Debug|Any CPU
		{D856049D-B352-45B8-8778-1AFDADF0EBB8}.Debug|Any CPU.Build.0 = Debug|Any CPU
		{D856049D-B352-45B8-8778-1AFDADF0EBB8}.Release|Any CPU.ActiveCfg = Release|Any CPU
		{D856049D-B352-45B8-8778-1AFDADF0EBB8}.Release|Any CPU.Build.0 = Release|Any CPU
	EndGlobalSection
	GlobalSection(SolutionProperties) = preSolution
		HideSolutionNode = FALSE
	EndGlobalSection
	GlobalSection(ExtensibilityGlobals) = postSolution
		SolutionGuid = {8B8C5A2C-30A7-4B38-92C0-F0376737F778}
	EndGlobalSection
EndGlobal
